
Microsoft Visual Studio Solution File, Format Version 12.00
# Visual Studio Version 17
VisualStudioVersion = 17.10.34928.147
MinimumVisualStudioVersion = 10.0.40219.1
Project("{FAE04EC0-301F-11D3-BF4B-00C04F79EFBC}") = "HouseUnitAPI", "HouseUnitAPI\HouseUnitAPI.csproj", "{F91CA90A-8F4F-4203-9A37-9A054F83ACB8}"
EndProject
Project("{FAE04EC0-301F-11D3-BF4B-00C04F79EFBC}") = "HouseUnitService.Tests", "HouseUnitService.Tests\HouseUnitService.Tests.csproj", "{BAA7BBF7-4901-4F4A-A5CF-4A4007CD628D}"
EndProject
Global
	GlobalSection(SolutionConfigurationPlatforms) = preSolution
		Debug|Any CPU = Debug|Any CPU
		Release|Any CPU = Release|Any CPU
	EndGlobalSection
	GlobalSection(ProjectConfigurationPlatforms) = postSolution
		{F91CA90A-8F4F-4203-9A37-9A054F83ACB8}.Debug|Any CPU.ActiveCfg = Debug|Any CPU
		{F91CA90A-8F4F-4203-9A37-9A054F83ACB8}.Debug|Any CPU.Build.0 = Debug|Any CPU
		{F91CA90A-8F4F-4203-9A37-9A054F83ACB8}.Release|Any CPU.ActiveCfg = Release|Any CPU
		{F91CA90A-8F4F-4203-9A37-9A054F83ACB8}.Release|Any CPU.Build.0 = Release|Any CPU
		{BAA7BBF7-4901-4F4A-A5CF-4A4007CD628D}.Debug|Any CPU.ActiveCfg = Debug|Any CPU
		{BAA7BBF7-4901-4F4A-A5CF-4A4007CD628D}.Debug|Any CPU.Build.0 = Debug|Any CPU
		{BAA7BBF7-4901-4F4A-A5CF-4A4007CD628D}.Release|Any CPU.ActiveCfg = Release|Any CPU
		{BAA7BBF7-4901-4F4A-A5CF-4A4007CD628D}.Release|Any CPU.Build.0 = Release|Any CPU
	EndGlobalSection
	GlobalSection(SolutionProperties) = preSolution
		HideSolutionNode = FALSE
	EndGlobalSection
	GlobalSection(ExtensibilityGlobals) = postSolution
		SolutionGuid = {47DA8153-E2C8-4E06-84BD-2225272442ED}
	EndGlobalSection
EndGlobal
